
Microsoft Visual Studio Solution File, Format Version 12.00
# Visual Studio 15
VisualStudioVersion = 15.0.26228.9
MinimumVisualStudioVersion = 10.0.40219.1
Project("{FAE04EC0-301F-11D3-BF4B-00C04F79EFBC}") = "xero_collect.Android", "xero-collect\xero_collect.Android\xero_collect.Android.csproj", "{D176CB91-6E6A-47AE-B256-46B5BD76A558}"
EndProject
Project("{FAE04EC0-301F-11D3-BF4B-00C04F79EFBC}") = "xero_collect", "xero-collect\xero_collect\xero_collect.csproj", "{25D7A562-6436-43D1-BE9E-D1506E6EF89F}"
EndProject
Project("{FAE04EC0-301F-11D3-BF4B-00C04F79EFBC}") = "xero_collect.UWP", "xero-collect\xero_collect.UWP\xero_collect.UWP.csproj", "{C52938FD-78B1-4EA7-925E-9434CCE9BAE8}"
EndProject
Project("{FAE04EC0-301F-11D3-BF4B-00C04F79EFBC}") = "xero_collect.iOS", "xero-collect\xero_collect.iOS\xero_collect.iOS.csproj", "{BA45780E-1D0A-448C-8898-D32A699E7F2D}"
EndProject
Global
	GlobalSection(SolutionConfigurationPlatforms) = preSolution
		Ad-Hoc|Any CPU = Ad-Hoc|Any CPU
		Ad-Hoc|ARM = Ad-Hoc|ARM
		Ad-Hoc|iPhone = Ad-Hoc|iPhone
		Ad-Hoc|iPhoneSimulator = Ad-Hoc|iPhoneSimulator
		Ad-Hoc|x64 = Ad-Hoc|x64
		Ad-Hoc|x86 = Ad-Hoc|x86
		AppStore|Any CPU = AppStore|Any CPU
		AppStore|ARM = AppStore|ARM
		AppStore|iPhone = AppStore|iPhone
		AppStore|iPhoneSimulator = AppStore|iPhoneSimulator
		AppStore|x64 = AppStore|x64
		AppStore|x86 = AppStore|x86
		Debug|Any CPU = Debug|Any CPU
		Debug|ARM = Debug|ARM
		Debug|iPhone = Debug|iPhone
		Debug|iPhoneSimulator = Debug|iPhoneSimulator
		Debug|x64 = Debug|x64
		Debug|x86 = Debug|x86
		Release|Any CPU = Release|Any CPU
		Release|ARM = Release|ARM
		Release|iPhone = Release|iPhone
		Release|iPhoneSimulator = Release|iPhoneSimulator
		Release|x64 = Release|x64
		Release|x86 = Release|x86
	EndGlobalSection
	GlobalSection(ProjectConfigurationPlatforms) = postSolution
		{D176CB91-6E6A-47AE-B256-46B5BD76A558}.Ad-Hoc|Any CPU.ActiveCfg = Release|Any CPU
		{D176CB91-6E6A-47AE-B256-46B5BD76A558}.Ad-Hoc|Any CPU.Build.0 = Release|Any CPU
		{D176CB91-6E6A-47AE-B256-46B5BD76A558}.Ad-Hoc|Any CPU.Deploy.0 = Release|Any CPU
		{D176CB91-6E6A-47AE-B256-46B5BD76A558}.Ad-Hoc|ARM.ActiveCfg = Release|Any CPU
		{D176CB91-6E6A-47AE-B256-46B5BD76A558}.Ad-Hoc|ARM.Build.0 = Release|Any CPU
		{D176CB91-6E6A-47AE-B256-46B5BD76A558}.Ad-Hoc|ARM.Deploy.0 = Release|Any CPU
		{D176CB91-6E6A-47AE-B256-46B5BD76A558}.Ad-Hoc|iPhone.ActiveCfg = Release|Any CPU
		{D176CB91-6E6A-47AE-B256-46B5BD76A558}.Ad-Hoc|iPhone.Build.0 = Release|Any CPU
		{D176CB91-6E6A-47AE-B256-46B5BD76A558}.Ad-Hoc|iPhone.Deploy.0 = Release|Any CPU
		{D176CB91-6E6A-47AE-B256-46B5BD76A558}.Ad-Hoc|iPhoneSimulator.ActiveCfg = Release|Any CPU
		{D176CB91-6E6A-47AE-B256-46B5BD76A558}.Ad-Hoc|iPhoneSimulator.Build.0 = Release|Any CPU
		{D176CB91-6E6A-47AE-B256-46B5BD76A558}.Ad-Hoc|iPhoneSimulator.Deploy.0 = Release|Any CPU
		{D176CB91-6E6A-47AE-B256-46B5BD76A558}.Ad-Hoc|x64.ActiveCfg = Release|Any CPU
		{D176CB91-6E6A-47AE-B256-46B5BD76A558}.Ad-Hoc|x64.Build.0 = Release|Any CPU
		{D176CB91-6E6A-47AE-B256-46B5BD76A558}.Ad-Hoc|x64.Deploy.0 = Release|Any CPU
		{D176CB91-6E6A-47AE-B256-46B5BD76A558}.Ad-Hoc|x86.ActiveCfg = Release|Any CPU
		{D176CB91-6E6A-47AE-B256-46B5BD76A558}.Ad-Hoc|x86.Build.0 = Release|Any CPU
		{D176CB91-6E6A-47AE-B256-46B5BD76A558}.Ad-Hoc|x86.Deploy.0 = Release|Any CPU
		{D176CB91-6E6A-47AE-B256-46B5BD76A558}.AppStore|Any CPU.ActiveCfg = Release|Any CPU
		{D176CB91-6E6A-47AE-B256-46B5BD76A558}.AppStore|Any CPU.Build.0 = Release|Any CPU
		{D176CB91-6E6A-47AE-B256-46B5BD76A558}.AppStore|Any CPU.Deploy.0 = Release|Any CPU
		{D176CB91-6E6A-47AE-B256-46B5BD76A558}.AppStore|ARM.ActiveCfg = Release|Any CPU
		{D176CB91-6E6A-47AE-B256-46B5BD76A558}.AppStore|ARM.Build.0 = Release|Any CPU
		{D176CB91-6E6A-47AE-B256-46B5BD76A558}.AppStore|ARM.Deploy.0 = Release|Any CPU
		{D176CB91-6E6A-47AE-B256-46B5BD76A558}.AppStore|iPhone.ActiveCfg = Release|Any CPU
		{D176CB91-6E6A-47AE-B256-46B5BD76A558}.AppStore|iPhone.Build.0 = Release|Any CPU
		{D176CB91-6E6A-47AE-B256-46B5BD76A558}.AppStore|iPhone.Deploy.0 = Release|Any CPU
		{D176CB91-6E6A-47AE-B256-46B5BD76A558}.AppStore|iPhoneSimulator.ActiveCfg = Release|Any CPU
		{D176CB91-6E6A-47AE-B256-46B5BD76A558}.AppStore|iPhoneSimulator.Build.0 = Release|Any CPU
		{D176CB91-6E6A-47AE-B256-46B5BD76A558}.AppStore|iPhoneSimulator.Deploy.0 = Release|Any CPU
		{D176CB91-6E6A-47AE-B256-46B5BD76A558}.AppStore|x64.ActiveCfg = Release|Any CPU
		{D176CB91-6E6A-47AE-B256-46B5BD76A558}.AppStore|x64.Build.0 = Release|Any CPU
		{D176CB91-6E6A-47AE-B256-46B5BD76A558}.AppStore|x64.Deploy.0 = Release|Any CPU
		{D176CB91-6E6A-47AE-B256-46B5BD76A558}.AppStore|x86.ActiveCfg = Release|Any CPU
		{D176CB91-6E6A-47AE-B256-46B5BD76A558}.AppStore|x86.Build.0 = Release|Any CPU
		{D176CB91-6E6A-47AE-B256-46B5BD76A558}.AppStore|x86.Deploy.0 = Release|Any CPU
		{D176CB91-6E6A-47AE-B256-46B5BD76A558}.Debug|Any CPU.ActiveCfg = Debug|Any CPU
		{D176CB91-6E6A-47AE-B256-46B5BD76A558}.Debug|Any CPU.Build.0 = Debug|Any CPU
		{D176CB91-6E6A-47AE-B256-46B5BD76A558}.Debug|Any CPU.Deploy.0 = Debug|Any CPU
		{D176CB91-6E6A-47AE-B256-46B5BD76A558}.Debug|ARM.ActiveCfg = Debug|Any CPU
		{D176CB91-6E6A-47AE-B256-46B5BD76A558}.Debug|ARM.Build.0 = Debug|Any CPU
		{D176CB91-6E6A-47AE-B256-46B5BD76A558}.Debug|ARM.Deploy.0 = Debug|Any CPU
		{D176CB91-6E6A-47AE-B256-46B5BD76A558}.Debug|iPhone.ActiveCfg = Debug|Any CPU
		{D176CB91-6E6A-47AE-B256-46B5BD76A558}.Debug|iPhone.Build.0 = Debug|Any CPU
		{D176CB91-6E6A-47AE-B256-46B5BD76A558}.Debug|iPhone.Deploy.0 = Debug|Any CPU
		{D176CB91-6E6A-47AE-B256-46B5BD76A558}.Debug|iPhoneSimulator.ActiveCfg = Debug|Any CPU
		{D176CB91-6E6A-47AE-B256-46B5BD76A558}.Debug|iPhoneSimulator.Build.0 = Debug|Any CPU
		{D176CB91-6E6A-47AE-B256-46B5BD76A558}.Debug|iPhoneSimulator.Deploy.0 = Debug|Any CPU
		{D176CB91-6E6A-47AE-B256-46B5BD76A558}.Debug|x64.ActiveCfg = Debug|Any CPU
		{D176CB91-6E6A-47AE-B256-46B5BD76A558}.Debug|x64.Build.0 = Debug|Any CPU
		{D176CB91-6E6A-47AE-B256-46B5BD76A558}.Debug|x64.Deploy.0 = Debug|Any CPU
		{D176CB91-6E6A-47AE-B256-46B5BD76A558}.Debug|x86.ActiveCfg = Debug|Any CPU
		{D176CB91-6E6A-47AE-B256-46B5BD76A558}.Debug|x86.Build.0 = Debug|Any CPU
		{D176CB91-6E6A-47AE-B256-46B5BD76A558}.Debug|x86.Deploy.0 = Debug|Any CPU
		{D176CB91-6E6A-47AE-B256-46B5BD76A558}.Release|Any CPU.ActiveCfg = Release|Any CPU
		{D176CB91-6E6A-47AE-B256-46B5BD76A558}.Release|Any CPU.Build.0 = Release|Any CPU
		{D176CB91-6E6A-47AE-B256-46B5BD76A558}.Release|Any CPU.Deploy.0 = Release|Any CPU
		{D176CB91-6E6A-47AE-B256-46B5BD76A558}.Release|ARM.ActiveCfg = Release|Any CPU
		{D176CB91-6E6A-47AE-B256-46B5BD76A558}.Release|ARM.Build.0 = Release|Any CPU
		{D176CB91-6E6A-47AE-B256-46B5BD76A558}.Release|ARM.Deploy.0 = Release|Any CPU
		{D176CB91-6E6A-47AE-B256-46B5BD76A558}.Release|iPhone.ActiveCfg = Release|Any CPU
		{D176CB91-6E6A-47AE-B256-46B5BD76A558}.Release|iPhone.Build.0 = Release|Any CPU
		{D176CB91-6E6A-47AE-B256-46B5BD76A558}.Release|iPhone.Deploy.0 = Release|Any CPU
		{D176CB91-6E6A-47AE-B256-46B5BD76A558}.Release|iPhoneSimulator.ActiveCfg = Release|Any CPU
		{D176CB91-6E6A-47AE-B256-46B5BD76A558}.Release|iPhoneSimulator.Build.0 = Release|Any CPU
		{D176CB91-6E6A-47AE-B256-46B5BD76A558}.Release|iPhoneSimulator.Deploy.0 = Release|Any CPU
		{D176CB91-6E6A-47AE-B256-46B5BD76A558}.Release|x64.ActiveCfg = Release|Any CPU
		{D176CB91-6E6A-47AE-B256-46B5BD76A558}.Release|x64.Build.0 = Release|Any CPU
		{D176CB91-6E6A-47AE-B256-46B5BD76A558}.Release|x64.Deploy.0 = Release|Any CPU
		{D176CB91-6E6A-47AE-B256-46B5BD76A558}.Release|x86.ActiveCfg = Release|Any CPU
		{D176CB91-6E6A-47AE-B256-46B5BD76A558}.Release|x86.Build.0 = Release|Any CPU
		{D176CB91-6E6A-47AE-B256-46B5BD76A558}.Release|x86.Deploy.0 = Release|Any CPU
		{25D7A562-6436-43D1-BE9E-D1506E6EF89F}.Ad-Hoc|Any CPU.ActiveCfg = Release|Any CPU
		{25D7A562-6436-43D1-BE9E-D1506E6EF89F}.Ad-Hoc|Any CPU.Build.0 = Release|Any CPU
		{25D7A562-6436-43D1-BE9E-D1506E6EF89F}.Ad-Hoc|ARM.ActiveCfg = Release|Any CPU
		{25D7A562-6436-43D1-BE9E-D1506E6EF89F}.Ad-Hoc|ARM.Build.0 = Release|Any CPU
		{25D7A562-6436-43D1-BE9E-D1506E6EF89F}.Ad-Hoc|iPhone.ActiveCfg = Release|Any CPU
		{25D7A562-6436-43D1-BE9E-D1506E6EF89F}.Ad-Hoc|iPhone.Build.0 = Release|Any CPU
		{25D7A562-6436-43D1-BE9E-D1506E6EF89F}.Ad-Hoc|iPhoneSimulator.ActiveCfg = Release|Any CPU
		{25D7A562-6436-43D1-BE9E-D1506E6EF89F}.Ad-Hoc|iPhoneSimulator.Build.0 = Release|Any CPU
		{25D7A562-6436-43D1-BE9E-D1506E6EF89F}.Ad-Hoc|x64.ActiveCfg = Release|Any CPU
		{25D7A562-6436-43D1-BE9E-D1506E6EF89F}.Ad-Hoc|x64.Build.0 = Release|Any CPU
		{25D7A562-6436-43D1-BE9E-D1506E6EF89F}.Ad-Hoc|x86.ActiveCfg = Release|Any CPU
		{25D7A562-6436-43D1-BE9E-D1506E6EF89F}.Ad-Hoc|x86.Build.0 = Release|Any CPU
		{25D7A562-6436-43D1-BE9E-D1506E6EF89F}.AppStore|Any CPU.ActiveCfg = Release|Any CPU
		{25D7A562-6436-43D1-BE9E-D1506E6EF89F}.AppStore|Any CPU.Build.0 = Release|Any CPU
		{25D7A562-6436-43D1-BE9E-D1506E6EF89F}.AppStore|ARM.ActiveCfg = Release|Any CPU
		{25D7A562-6436-43D1-BE9E-D1506E6EF89F}.AppStore|ARM.Build.0 = Release|Any CPU
		{25D7A562-6436-43D1-BE9E-D1506E6EF89F}.AppStore|iPhone.ActiveCfg = Release|Any CPU
		{25D7A562-6436-43D1-BE9E-D1506E6EF89F}.AppStore|iPhone.Build.0 = Release|Any CPU
		{25D7A562-6436-43D1-BE9E-D1506E6EF89F}.AppStore|iPhoneSimulator.ActiveCfg = Release|Any CPU
		{25D7A562-6436-43D1-BE9E-D1506E6EF89F}.AppStore|iPhoneSimulator.Build.0 = Release|Any CPU
		{25D7A562-6436-43D1-BE9E-D1506E6EF89F}.AppStore|x64.ActiveCfg = Release|Any CPU
		{25D7A562-6436-43D1-BE9E-D1506E6EF89F}.AppStore|x64.Build.0 = Release|Any CPU
		{25D7A562-6436-43D1-BE9E-D1506E6EF89F}.AppStore|x86.ActiveCfg = Release|Any CPU
		{25D7A562-6436-43D1-BE9E-D1506E6EF89F}.AppStore|x86.Build.0 = Release|Any CPU
		{25D7A562-6436-43D1-BE9E-D1506E6EF89F}.Debug|Any CPU.ActiveCfg = Debug|Any CPU
		{25D7A562-6436-43D1-BE9E-D1506E6EF89F}.Debug|Any CPU.Build.0 = Debug|Any CPU
		{25D7A562-6436-43D1-BE9E-D1506E6EF89F}.Debug|ARM.ActiveCfg = Debug|Any CPU
		{25D7A562-6436-43D1-BE9E-D1506E6EF89F}.Debug|ARM.Build.0 = Debug|Any CPU
		{25D7A562-6436-43D1-BE9E-D1506E6EF89F}.Debug|iPhone.ActiveCfg = Debug|Any CPU
		{25D7A562-6436-43D1-BE9E-D1506E6EF89F}.Debug|iPhone.Build.0 = Debug|Any CPU
		{25D7A562-6436-43D1-BE9E-D1506E6EF89F}.Debug|iPhoneSimulator.ActiveCfg = Debug|Any CPU
		{25D7A562-6436-43D1-BE9E-D1506E6EF89F}.Debug|iPhoneSimulator.Build.0 = Debug|Any CPU
		{25D7A562-6436-43D1-BE9E-D1506E6EF89F}.Debug|x64.ActiveCfg = Debug|Any CPU
		{25D7A562-6436-43D1-BE9E-D1506E6EF89F}.Debug|x64.Build.0 = Debug|Any CPU
		{25D7A562-6436-43D1-BE9E-D1506E6EF89F}.Debug|x86.ActiveCfg = Debug|Any CPU
		{25D7A562-6436-43D1-BE9E-D1506E6EF89F}.Debug|x86.Build.0 = Debug|Any CPU
		{25D7A562-6436-43D1-BE9E-D1506E6EF89F}.Release|Any CPU.ActiveCfg = Release|Any CPU
		{25D7A562-6436-43D1-BE9E-D1506E6EF89F}.Release|Any CPU.Build.0 = Release|Any CPU
		{25D7A562-6436-43D1-BE9E-D1506E6EF89F}.Release|ARM.ActiveCfg = Release|Any CPU
		{25D7A562-6436-43D1-BE9E-D1506E6EF89F}.Release|ARM.Build.0 = Release|Any CPU
		{25D7A562-6436-43D1-BE9E-D1506E6EF89F}.Release|iPhone.ActiveCfg = Release|Any CPU
		{25D7A562-6436-43D1-BE9E-D1506E6EF89F}.Release|iPhone.Build.0 = Release|Any CPU
		{25D7A562-6436-43D1-BE9E-D1506E6EF89F}.Release|iPhoneSimulator.ActiveCfg = Release|Any CPU
		{25D7A562-6436-43D1-BE9E-D1506E6EF89F}.Release|iPhoneSimulator.Build.0 = Release|Any CPU
		{25D7A562-6436-43D1-BE9E-D1506E6EF89F}.Release|x64.ActiveCfg = Release|Any CPU
		{25D7A562-6436-43D1-BE9E-D1506E6EF89F}.Release|x64.Build.0 = Release|Any CPU
		{25D7A562-6436-43D1-BE9E-D1506E6EF89F}.Release|x86.ActiveCfg = Release|Any CPU
		{25D7A562-6436-43D1-BE9E-D1506E6EF89F}.Release|x86.Build.0 = Release|Any CPU
		{C52938FD-78B1-4EA7-925E-9434CCE9BAE8}.Ad-Hoc|Any CPU.ActiveCfg = Release|x86
		{C52938FD-78B1-4EA7-925E-9434CCE9BAE8}.Ad-Hoc|Any CPU.Build.0 = Release|x86
		{C52938FD-78B1-4EA7-925E-9434CCE9BAE8}.Ad-Hoc|Any CPU.Deploy.0 = Release|x86
		{C52938FD-78B1-4EA7-925E-9434CCE9BAE8}.Ad-Hoc|ARM.ActiveCfg = Release|ARM
		{C52938FD-78B1-4EA7-925E-9434CCE9BAE8}.Ad-Hoc|ARM.Build.0 = Release|ARM
		{C52938FD-78B1-4EA7-925E-9434CCE9BAE8}.Ad-Hoc|ARM.Deploy.0 = Release|ARM
		{C52938FD-78B1-4EA7-925E-9434CCE9BAE8}.Ad-Hoc|iPhone.ActiveCfg = Release|x86
		{C52938FD-78B1-4EA7-925E-9434CCE9BAE8}.Ad-Hoc|iPhone.Build.0 = Release|x86
		{C52938FD-78B1-4EA7-925E-9434CCE9BAE8}.Ad-Hoc|iPhone.Deploy.0 = Release|x86
		{C52938FD-78B1-4EA7-925E-9434CCE9BAE8}.Ad-Hoc|iPhoneSimulator.ActiveCfg = Release|x86
		{C52938FD-78B1-4EA7-925E-9434CCE9BAE8}.Ad-Hoc|iPhoneSimulator.Build.0 = Release|x86
		{C52938FD-78B1-4EA7-925E-9434CCE9BAE8}.Ad-Hoc|iPhoneSimulator.Deploy.0 = Release|x86
		{C52938FD-78B1-4EA7-925E-9434CCE9BAE8}.Ad-Hoc|x64.ActiveCfg = Release|x64
		{C52938FD-78B1-4EA7-925E-9434CCE9BAE8}.Ad-Hoc|x64.Build.0 = Release|x64
		{C52938FD-78B1-4EA7-925E-9434CCE9BAE8}.Ad-Hoc|x64.Deploy.0 = Release|x64
		{C52938FD-78B1-4EA7-925E-9434CCE9BAE8}.Ad-Hoc|x86.ActiveCfg = Release|x86
		{C52938FD-78B1-4EA7-925E-9434CCE9BAE8}.Ad-Hoc|x86.Build.0 = Release|x86
		{C52938FD-78B1-4EA7-925E-9434CCE9BAE8}.Ad-Hoc|x86.Deploy.0 = Release|x86
		{C52938FD-78B1-4EA7-925E-9434CCE9BAE8}.AppStore|Any CPU.ActiveCfg = Release|x86
		{C52938FD-78B1-4EA7-925E-9434CCE9BAE8}.AppStore|Any CPU.Build.0 = Release|x86
		{C52938FD-78B1-4EA7-925E-9434CCE9BAE8}.AppStore|Any CPU.Deploy.0 = Release|x86
		{C52938FD-78B1-4EA7-925E-9434CCE9BAE8}.AppStore|ARM.ActiveCfg = Release|ARM
		{C52938FD-78B1-4EA7-925E-9434CCE9BAE8}.AppStore|ARM.Build.0 = Release|ARM
		{C52938FD-78B1-4EA7-925E-9434CCE9BAE8}.AppStore|ARM.Deploy.0 = Release|ARM
		{C52938FD-78B1-4EA7-925E-9434CCE9BAE8}.AppStore|iPhone.ActiveCfg = Release|x86
		{C52938FD-78B1-4EA7-925E-9434CCE9BAE8}.AppStore|iPhone.Build.0 = Release|x86
		{C52938FD-78B1-4EA7-925E-9434CCE9BAE8}.AppStore|iPhone.Deploy.0 = Release|x86
		{C52938FD-78B1-4EA7-925E-9434CCE9BAE8}.AppStore|iPhoneSimulator.ActiveCfg = Release|x86
		{C52938FD-78B1-4EA7-925E-9434CCE9BAE8}.AppStore|iPhoneSimulator.Build.0 = Release|x86
		{C52938FD-78B1-4EA7-925E-9434CCE9BAE8}.AppStore|iPhoneSimulator.Deploy.0 = Release|x86
		{C52938FD-78B1-4EA7-925E-9434CCE9BAE8}.AppStore|x64.ActiveCfg = Release|x64
		{C52938FD-78B1-4EA7-925E-9434CCE9BAE8}.AppStore|x64.Build.0 = Release|x64
		{C52938FD-78B1-4EA7-925E-9434CCE9BAE8}.AppStore|x64.Deploy.0 = Release|x64
		{C52938FD-78B1-4EA7-925E-9434CCE9BAE8}.AppStore|x86.ActiveCfg = Release|x86
		{C52938FD-78B1-4EA7-925E-9434CCE9BAE8}.AppStore|x86.Build.0 = Release|x86
		{C52938FD-78B1-4EA7-925E-9434CCE9BAE8}.AppStore|x86.Deploy.0 = Release|x86
		{C52938FD-78B1-4EA7-925E-9434CCE9BAE8}.Debug|Any CPU.ActiveCfg = Debug|x86
		{C52938FD-78B1-4EA7-925E-9434CCE9BAE8}.Debug|ARM.ActiveCfg = Debug|ARM
		{C52938FD-78B1-4EA7-925E-9434CCE9BAE8}.Debug|ARM.Build.0 = Debug|ARM
		{C52938FD-78B1-4EA7-925E-9434CCE9BAE8}.Debug|ARM.Deploy.0 = Debug|ARM
		{C52938FD-78B1-4EA7-925E-9434CCE9BAE8}.Debug|iPhone.ActiveCfg = Debug|x86
		{C52938FD-78B1-4EA7-925E-9434CCE9BAE8}.Debug|iPhoneSimulator.ActiveCfg = Debug|x86
		{C52938FD-78B1-4EA7-925E-9434CCE9BAE8}.Debug|x64.ActiveCfg = Debug|x64
		{C52938FD-78B1-4EA7-925E-9434CCE9BAE8}.Debug|x64.Build.0 = Debug|x64
		{C52938FD-78B1-4EA7-925E-9434CCE9BAE8}.Debug|x64.Deploy.0 = Debug|x64
		{C52938FD-78B1-4EA7-925E-9434CCE9BAE8}.Debug|x86.ActiveCfg = Debug|x86
		{C52938FD-78B1-4EA7-925E-9434CCE9BAE8}.Debug|x86.Build.0 = Debug|x86
		{C52938FD-78B1-4EA7-925E-9434CCE9BAE8}.Debug|x86.Deploy.0 = Debug|x86
		{C52938FD-78B1-4EA7-925E-9434CCE9BAE8}.Release|Any CPU.ActiveCfg = Release|x86
		{C52938FD-78B1-4EA7-925E-9434CCE9BAE8}.Release|ARM.ActiveCfg = Release|ARM
		{C52938FD-78B1-4EA7-925E-9434CCE9BAE8}.Release|ARM.Build.0 = Release|ARM
		{C52938FD-78B1-4EA7-925E-9434CCE9BAE8}.Release|ARM.Deploy.0 = Release|ARM
		{C52938FD-78B1-4EA7-925E-9434CCE9BAE8}.Release|iPhone.ActiveCfg = Release|x86
		{C52938FD-78B1-4EA7-925E-9434CCE9BAE8}.Release|iPhoneSimulator.ActiveCfg = Release|x86
		{C52938FD-78B1-4EA7-925E-9434CCE9BAE8}.Release|x64.ActiveCfg = Release|x64
		{C52938FD-78B1-4EA7-925E-9434CCE9BAE8}.Release|x64.Build.0 = Release|x64
		{C52938FD-78B1-4EA7-925E-9434CCE9BAE8}.Release|x64.Deploy.0 = Release|x64
		{C52938FD-78B1-4EA7-925E-9434CCE9BAE8}.Release|x86.ActiveCfg = Release|x86
		{C52938FD-78B1-4EA7-925E-9434CCE9BAE8}.Release|x86.Build.0 = Release|x86
		{C52938FD-78B1-4EA7-925E-9434CCE9BAE8}.Release|x86.Deploy.0 = Release|x86
		{BA45780E-1D0A-448C-8898-D32A699E7F2D}.Ad-Hoc|Any CPU.ActiveCfg = Ad-Hoc|iPhone
		{BA45780E-1D0A-448C-8898-D32A699E7F2D}.Ad-Hoc|ARM.ActiveCfg = Ad-Hoc|iPhone
		{BA45780E-1D0A-448C-8898-D32A699E7F2D}.Ad-Hoc|iPhone.ActiveCfg = Ad-Hoc|iPhone
		{BA45780E-1D0A-448C-8898-D32A699E7F2D}.Ad-Hoc|iPhone.Build.0 = Ad-Hoc|iPhone
		{BA45780E-1D0A-448C-8898-D32A699E7F2D}.Ad-Hoc|iPhoneSimulator.ActiveCfg = Ad-Hoc|iPhoneSimulator
		{BA45780E-1D0A-448C-8898-D32A699E7F2D}.Ad-Hoc|iPhoneSimulator.Build.0 = Ad-Hoc|iPhoneSimulator
		{BA45780E-1D0A-448C-8898-D32A699E7F2D}.Ad-Hoc|x64.ActiveCfg = Ad-Hoc|iPhone
		{BA45780E-1D0A-448C-8898-D32A699E7F2D}.Ad-Hoc|x86.ActiveCfg = Ad-Hoc|iPhone
		{BA45780E-1D0A-448C-8898-D32A699E7F2D}.AppStore|Any CPU.ActiveCfg = AppStore|iPhone
		{BA45780E-1D0A-448C-8898-D32A699E7F2D}.AppStore|ARM.ActiveCfg = AppStore|iPhone
		{BA45780E-1D0A-448C-8898-D32A699E7F2D}.AppStore|iPhone.ActiveCfg = AppStore|iPhone
		{BA45780E-1D0A-448C-8898-D32A699E7F2D}.AppStore|iPhone.Build.0 = AppStore|iPhone
		{BA45780E-1D0A-448C-8898-D32A699E7F2D}.AppStore|iPhoneSimulator.ActiveCfg = AppStore|iPhoneSimulator
		{BA45780E-1D0A-448C-8898-D32A699E7F2D}.AppStore|iPhoneSimulator.Build.0 = AppStore|iPhoneSimulator
		{BA45780E-1D0A-448C-8898-D32A699E7F2D}.AppStore|x64.ActiveCfg = AppStore|iPhone
		{BA45780E-1D0A-448C-8898-D32A699E7F2D}.AppStore|x86.ActiveCfg = AppStore|iPhone
		{BA45780E-1D0A-448C-8898-D32A699E7F2D}.Debug|Any CPU.ActiveCfg = Debug|iPhone
		{BA45780E-1D0A-448C-8898-D32A699E7F2D}.Debug|ARM.ActiveCfg = Debug|iPhone
		{BA45780E-1D0A-448C-8898-D32A699E7F2D}.Debug|iPhone.ActiveCfg = Debug|iPhone
		{BA45780E-1D0A-448C-8898-D32A699E7F2D}.Debug|iPhone.Build.0 = Debug|iPhone
		{BA45780E-1D0A-448C-8898-D32A699E7F2D}.Debug|iPhoneSimulator.ActiveCfg = Debug|iPhoneSimulator
		{BA45780E-1D0A-448C-8898-D32A699E7F2D}.Debug|iPhoneSimulator.Build.0 = Debug|iPhoneSimulator
		{BA45780E-1D0A-448C-8898-D32A699E7F2D}.Debug|x64.ActiveCfg = Debug|iPhone
		{BA45780E-1D0A-448C-8898-D32A699E7F2D}.Debug|x86.ActiveCfg = Debug|iPhone
		{BA45780E-1D0A-448C-8898-D32A699E7F2D}.Release|Any CPU.ActiveCfg = Release|iPhone
		{BA45780E-1D0A-448C-8898-D32A699E7F2D}.Release|ARM.ActiveCfg = Release|iPhone
		{BA45780E-1D0A-448C-8898-D32A699E7F2D}.Release|iPhone.ActiveCfg = Release|iPhone
		{BA45780E-1D0A-448C-8898-D32A699E7F2D}.Release|iPhone.Build.0 = Release|iPhone
		{BA45780E-1D0A-448C-8898-D32A699E7F2D}.Release|iPhoneSimulator.ActiveCfg = Release|iPhoneSimulator
		{BA45780E-1D0A-448C-8898-D32A699E7F2D}.Release|iPhoneSimulator.Build.0 = Release|iPhoneSimulator
		{BA45780E-1D0A-448C-8898-D32A699E7F2D}.Release|x64.ActiveCfg = Release|iPhone
		{BA45780E-1D0A-448C-8898-D32A699E7F2D}.Release|x86.ActiveCfg = Release|iPhone
	EndGlobalSection
	GlobalSection(SolutionProperties) = preSolution
		HideSolutionNode = FALSE
	EndGlobalSection
EndGlobal
